hash: f6278dd7f90427f6a348ae2dfed6f070b5a5a6be8a0fe620cffd3fdc880cd9cd
updated: 2016-05-09T12:46:23.516154193-07:00
imports:
- name: github.com/alecthomas/template
  version: a0175ee3bccc567396460bf5acd36800cb10c49c
  subpackages:
  - parse
- name: github.com/alecthomas/units
  version: 2efee857e7cfd4f3d0138cc3cbb1b4966962b93a
- name: github.com/hanwen/go-fuse
  version: ed841342e5daf4711f24106b93c1035864a8914b
  subpackages:
  - fuse
  - fuse/nodefs
  - fuse/pathfs
  - splice
- name: github.com/rcrowley/go-metrics
  version: 51425a2415d21afadfd55cd93432c0bc69e9598d
- name: github.com/square/go-sq-metrics
  version: 5c455259c9147abb1d5c51a6ed7fca3226d1eb92
- name: github.com/stretchr/testify
  version: 1f4a1643a57e798696635ea4c126e9127adb7d3c
  subpackages:
  - assert
- name: golang.org/x/sys
  version: 50c6bc5e4292a1d4e65c6e9be5f53be28bcbe28e
  subpackages:
  - unix
- name: gopkg.in/alecthomas/kingpin.v2
  version: 8cccfa8eb2e3183254457fb1749b2667fbc364c7
devImports: []
